{
	"name": "exercises-wallet",
	"requires": true,
	"lockfileVersion": 1,
	"dependencies": {
		"amdefine": {
			"version": "1.0.1",
			"resolved": "https://registry.npmjs.org/amdefine/-/amdefine-1.0.1.tgz",
			"integrity": "sha1-SlKCrBZHKek2Gbz9OtFR+BfOkfU="
		},
		"asmcrypto.js": {
			"version": "0.22.0",
			"resolved": "https://registry.npmjs.org/asmcrypto.js/-/asmcrypto.js-0.22.0.tgz",
			"integrity": "sha512-usgMoyXjMbx/ZPdzTSXExhMPur2FTdz/Vo5PVx2gIaBcdAAJNOFlsdgqveM8Cff7W0v+xrf9BwjOV26JSAF9qA=="
		},
		"asn1.js": {
			"version": "5.0.0",
			"resolved": "https://registry.npmjs.org/asn1.js/-/asn1.js-5.0.0.tgz",
			"integrity": "sha512-Y+FKviD0uyIWWo/xE0XkUl0x1allKFhzEVJ+//2Dgqpy+n+B77MlPNqvyk7Vx50M9XyVzjnRhDqJAEAsyivlbA==",
			"requires": {
				"bn.js": "4.11.8",
				"inherits": "2.0.3",
				"minimalistic-assert": "1.0.1"
			}
		},
		"base64-js": {
			"version": "1.3.0",
			"resolved": "https://registry.npmjs.org/base64-js/-/base64-js-1.3.0.tgz",
			"integrity": "sha512-ccav/yGvoa80BQDljCxsmmQ3Xvx60/UpBIij5QN21W3wBi/hhIC9OoO+KLpu9IJTS9j4DRVJ3aDDF9cMSoa2lw=="
		},
		"bn.js": {
			"version": "4.11.8",
			"resolved": "https://registry.npmjs.org/bn.js/-/bn.js-4.11.8.tgz",
			"integrity": "sha512-ItfYfPLkWHUjckQCk8xC+LwxgK8NYcXywGigJgSwOP8Y2iyWT4f2vsZnoOXTTbo+o5yXmIUJ4gn5538SO5S3gA=="
		},
		"brorand": {
			"version": "1.1.0",
			"resolved": "https://registry.npmjs.org/brorand/-/brorand-1.1.0.tgz",
			"integrity": "sha1-EsJe/kCkXjwyPrhnWgoM5XsiNx8="
		},
		"buffer": {
			"version": "5.1.0",
			"resolved": "https://registry.npmjs.org/buffer/-/buffer-5.1.0.tgz",
			"integrity": "sha512-YkIRgwsZwJWTnyQrsBTWefizHh+8GYj3kbL1BTiAQ/9pwpino0G7B2gp5tx/FUBqUlvtxV85KNR3mwfAtv15Yw==",
			"requires": {
				"base64-js": "1.3.0",
				"ieee754": "1.1.11"
			}
		},
		"commander": {
			"version": "2.8.1",
			"resolved": "https://registry.npmjs.org/commander/-/commander-2.8.1.tgz",
			"integrity": "sha1-Br42f+v9oMMwqh4qBy09yXYkJdQ=",
			"requires": {
				"graceful-readlink": "1.0.1"
			}
		},
		"compressjs": {
			"version": "github:openpgpjs/compressjs#ce5ccbede61f075926081e29573c8a79ddf10d88",
			"requires": {
				"amdefine": "1.0.1",
				"commander": "2.8.1"
			}
		},
		"elliptic": {
			"version": "github:openpgpjs/elliptic#e187e706e11fa51bcd20e46e5119054be4e2a4a6",
			"requires": {
				"bn.js": "4.11.8",
				"brorand": "1.1.0",
				"hash.js": "1.1.3",
				"hmac-drbg": "1.0.1",
				"inherits": "2.0.3",
				"minimalistic-assert": "1.0.1",
				"minimalistic-crypto-utils": "1.0.1"
			}
		},
		"encoding": {
			"version": "0.1.12",
			"resolved": "https://registry.npmjs.org/encoding/-/encoding-0.1.12.tgz",
			"integrity": "sha1-U4tm8+5izRq1HsMjgp0flIDHS+s=",
			"requires": {
				"iconv-lite": "0.4.21"
			}
		},
		"graceful-fs": {
			"version": "4.1.11",
			"resolved": "https://registry.npmjs.org/graceful-fs/-/graceful-fs-4.1.11.tgz",
			"integrity": "sha1-Dovf5NHduIVNZOBOp8AOKgJuVlg="
		},
		"graceful-readlink": {
			"version": "1.0.1",
			"resolved": "https://registry.npmjs.org/graceful-readlink/-/graceful-readlink-1.0.1.tgz",
			"integrity": "sha1-TK+tdrxi8C+gObL5Tpo906ORpyU="
		},
		"hash.js": {
			"version": "1.1.3",
			"resolved": "https://registry.npmjs.org/hash.js/-/hash.js-1.1.3.tgz",
			"integrity": "sha512-/UETyP0W22QILqS+6HowevwhEFJ3MBJnwTf75Qob9Wz9t0DPuisL8kW8YZMK62dHAKE1c1p+gY1TtOLY+USEHA==",
			"requires": {
				"inherits": "2.0.3",
				"minimalistic-assert": "1.0.1"
			}
		},
		"hmac-drbg": {
			"version": "1.0.1",
			"resolved": "https://registry.npmjs.org/hmac-drbg/-/hmac-drbg-1.0.1.tgz",
			"integrity": "sha1-0nRXAQJabHdabFRXk+1QL8DGSaE=",
			"requires": {
				"hash.js": "1.1.3",
				"minimalistic-assert": "1.0.1",
				"minimalistic-crypto-utils": "1.0.1"
			}
		},
		"iconv-lite": {
			"version": "0.4.21",
			"resolved": "https://registry.npmjs.org/iconv-lite/-/iconv-lite-0.4.21.tgz",
			"integrity": "sha512-En5V9za5mBt2oUA03WGD3TwDv0MKAruqsuxstbMUZaj9W9k/m1CV/9py3l0L5kw9Bln8fdHQmzHSYtvpvTLpKw==",
			"requires": {
				"safer-buffer": "2.1.2"
			}
		},
		"ieee754": {
			"version": "1.1.11",
			"resolved": "https://registry.npmjs.org/ieee754/-/ieee754-1.1.11.tgz",
			"integrity": "sha512-VhDzCKN7K8ufStx/CLj5/PDTMgph+qwN5Pkd5i0sGnVwk56zJ0lkT8Qzi1xqWLS0Wp29DgDtNeS7v8/wMoZeHg=="
		},
		"imurmurhash": {
			"version": "0.1.4",
			"resolved": "https://registry.npmjs.org/imurmurhash/-/imurmurhash-0.1.4.tgz",
			"integrity": "sha1-khi5srkoojixPcT7a21XbyMUU+o="
		},
		"inherits": {
			"version": "2.0.3",
			"resolved": "https://registry.npmjs.org/inherits/-/inherits-2.0.3.tgz",
			"integrity": "sha1-Yzwsg+PaQqUC9SRmAiSA9CCCYd4="
		},
		"is-stream": {
			"version": "1.1.0",
			"resolved": "https://registry.npmjs.org/is-stream/-/is-stream-1.1.0.tgz",
			"integrity": "sha1-EtSj3U5o4Lec6428hBc66A2RykQ="
		},
		"minimalistic-assert": {
			"version": "1.0.1",
			"resolved": "https://registry.npmjs.org/minimalistic-assert/-/minimalistic-assert-1.0.1.tgz",
			"integrity": "sha512-UtJcAD4yEaGtjPezWuO9wC4nwUnVH/8/Im3yEHQP4b67cXlD/Qr9hdITCU1xDbSEXg2XKNaP8jsReV7vQd00/A=="
		},
		"minimalistic-crypto-utils": {
			"version": "1.0.1",
			"resolved": "https://registry.npmjs.org/minimalistic-crypto-utils/-/minimalistic-crypto-utils-1.0.1.tgz",
			"integrity": "sha1-9sAMHAsIIkblxNmd+4x8CDsrWCo="
		},
		"node-fetch": {
			"version": "1.7.3",
			"resolved": "https://registry.npmjs.org/node-fetch/-/node-fetch-1.7.3.tgz",
			"integrity": "sha512-NhZ4CsKx7cYm2vSrBAr2PvFOe6sWDf0UYLRqA6svUYg7+/TSfVAu49jYC4BvQ4Sms9SZgdqGBgroqfDhJdTyKQ==",
			"requires": {
				"encoding": "0.1.12",
				"is-stream": "1.1.0"
			}
		},
		"node-localstorage": {
			"version": "1.3.1",
			"resolved": "https://registry.npmjs.org/node-localstorage/-/node-localstorage-1.3.1.tgz",
			"integrity": "sha512-NMWCSWWc6JbHT5PyWlNT2i8r7PgGYXVntmKawY83k/M0UJScZ5jirb61TLnqKwd815DfBQu+lR3sRw08SPzIaQ==",
			"requires": {
				"write-file-atomic": "1.3.4"
			}
		},
		"openpgp": {
			"version": "3.0.9",
			"resolved": "https://registry.npmjs.org/openpgp/-/openpgp-3.0.9.tgz",
			"integrity": "sha512-XtbbcL7I2bdSP0MGaEgUGvYXQA7PMnTpPz7SvcS+DZxvg5Nda6/toGeV+owG93crm7HMhVwNUd3gjqVaB+WJ7g==",
			"requires": {
				"asmcrypto.js": "0.22.0",
				"asn1.js": "5.0.0",
				"bn.js": "4.11.8",
				"buffer": "5.1.0",
				"compressjs": "github:openpgpjs/compressjs#ce5ccbede61f075926081e29573c8a79ddf10d88",
				"elliptic": "github:openpgpjs/elliptic#e187e706e11fa51bcd20e46e5119054be4e2a4a6",
				"hash.js": "1.1.3",
				"node-fetch": "1.7.3",
				"node-localstorage": "1.3.1",
				"pako": "1.0.6",
				"rusha": "0.8.13"
			}
		},
		"pako": {
			"version": "1.0.6",
			"resolved": "https://registry.npmjs.org/pako/-/pako-1.0.6.tgz",
			"integrity": "sha512-lQe48YPsMJAig+yngZ87Lus+NF+3mtu7DVOBu6b/gHO1YpKwIj5AWjZ/TOS7i46HD/UixzWb1zeWDZfGZ3iYcg=="
		},
		"rusha": {
			"version": "0.8.13",
			"resolved": "https://registry.npmjs.org/rusha/-/rusha-0.8.13.tgz",
			"integrity": "sha1-mghOe4YLF7/zAVuSxnpqM2GRUTo="
		},
		"safer-buffer": {
			"version": "2.1.2",
			"resolved": "https://registry.npmjs.org/safer-buffer/-/safer-buffer-2.1.2.tgz",
			"integrity": "sha512-YZo3K82SD7Riyi0E1EQPojLz7kpepnSQI9IyPbHHg1XXXevb5dJI7tpyN2ADxGcQbHG7vcyRHk0cbwqcQriUtg=="
		},
		"slide": {
			"version": "1.1.6",
			"resolved": "https://registry.npmjs.org/slide/-/slide-1.1.6.tgz",
			"integrity": "sha1-VusCfWW00tzmyy4tMsTUr8nh1wc="
		},
		"write-file-atomic": {
			"version": "1.3.4",
			"resolved": "https://registry.npmjs.org/write-file-atomic/-/write-file-atomic-1.3.4.tgz",
			"integrity": "sha1-+Aek8LHZ6ROuekgRLmzDrxmRtF8=",
			"requires": {
				"graceful-fs": "4.1.11",
				"imurmurhash": "0.1.4",
				"slide": "1.1.6"
			}
		}
	}
}
